Microsoft Visual Studio Solution File, Format Version 12.00
# Visual Studio Version 17
VisualStudioVersion = 17.5.2.0
MinimumVisualStudioVersion = 10.0.40219.1
Project("{2150E333-8FDC-42A3-9474-1A3956D46DE8}") = "backend", "backend", "{1AE8ACA6-933B-BF2A-3671-3E2EAC007D16}"
EndProject
Project("{2150E333-8FDC-42A3-9474-1A3956D46DE8}") = "dotnet-webapi", "dotnet-webapi", "{46863BDC-D45F-20FA-23F6-786BFF1B25B0}"
EndProject
Project("{FAE04EC0-301F-11D3-BF4B-00C04F79EFBC}") = "Cloud3Tier.Api", "backend\dotnet-webapi\Cloud3Tier.Api.csproj", "{5DA673DD-669C-CE7F-A5F8-21C116A52EFE}"
EndProject
Global
	GlobalSection(SolutionConfigurationPlatforms) = preSolution
		Debug|Any CPU = Debug|Any CPU
		Release|Any CPU = Release|Any CPU
	EndGlobalSection
	GlobalSection(ProjectConfigurationPlatforms) = postSolution
		{5DA673DD-669C-CE7F-A5F8-21C116A52EFE}.Debug|Any CPU.ActiveCfg = Debug|Any CPU
		{5DA673DD-669C-CE7F-A5F8-21C116A52EFE}.Debug|Any CPU.Build.0 = Debug|Any CPU
		{5DA673DD-669C-CE7F-A5F8-21C116A52EFE}.Release|Any CPU.ActiveCfg = Release|Any CPU
		{5DA673DD-669C-CE7F-A5F8-21C116A52EFE}.Release|Any CPU.Build.0 = Release|Any CPU
	EndGlobalSection
	GlobalSection(SolutionProperties) = preSolution
		HideSolutionNode = FALSE
	EndGlobalSection
	GlobalSection(NestedProjects) = preSolution
		{46863BDC-D45F-20FA-23F6-786BFF1B25B0} = {1AE8ACA6-933B-BF2A-3671-3E2EAC007D16}
		{5DA673DD-669C-CE7F-A5F8-21C116A52EFE} = {46863BDC-D45F-20FA-23F6-786BFF1B25B0}
	EndGlobalSection
	GlobalSection(ExtensibilityGlobals) = postSolution
		SolutionGuid = {AF5EE095-A837-4E16-828A-005175CA3EB7}
	EndGlobalSection
EndGlobal
